
Microsoft Visual Studio Solution File, Format Version 12.00
# Visual Studio Version 16
VisualStudioVersion = 16.0.30709.132
MinimumVisualStudioVersion = 10.0.40219.1
Project("{9A19103F-16F7-4668-BE54-9A1E7A4F7556}") = "The-barista", "BaristaAPI\The-barista.csproj", "{8BE1BBDD-CFCA-4F36-9CEB-897FCD890A8C}"
EndProject
Project("{9A19103F-16F7-4668-BE54-9A1E7A4F7556}") = "BaristaApi.Test", "BaristaApi.Test\BaristaApi.Test.csproj", "{DFAD598D-C20F-4662-ABAF-3B99A4ECE844}"
EndProject
Global
	GlobalSection(SolutionConfigurationPlatforms) = preSolution
		Debug|Any CPU = Debug|Any CPU
		Release|Any CPU = Release|Any CPU
	EndGlobalSection
	GlobalSection(ProjectConfigurationPlatforms) = postSolution
		{8BE1BBDD-CFCA-4F36-9CEB-897FCD890A8C}.Debug|Any CPU.ActiveCfg = Debug|Any CPU
		{8BE1BBDD-CFCA-4F36-9CEB-897FCD890A8C}.Debug|Any CPU.Build.0 = Debug|Any CPU
		{8BE1BBDD-CFCA-4F36-9CEB-897FCD890A8C}.Release|Any CPU.ActiveCfg = Release|Any CPU
		{8BE1BBDD-CFCA-4F36-9CEB-897FCD890A8C}.Release|Any CPU.Build.0 = Release|Any CPU
		{DFAD598D-C20F-4662-ABAF-3B99A4ECE844}.Debug|Any CPU.ActiveCfg = Debug|Any CPU
		{DFAD598D-C20F-4662-ABAF-3B99A4ECE844}.Debug|Any CPU.Build.0 = Debug|Any CPU
		{DFAD598D-C20F-4662-ABAF-3B99A4ECE844}.Release|Any CPU.ActiveCfg = Release|Any CPU
		{DFAD598D-C20F-4662-ABAF-3B99A4ECE844}.Release|Any CPU.Build.0 = Release|Any CPU
	EndGlobalSection
	GlobalSection(SolutionProperties) = preSolution
		HideSolutionNode = FALSE
	EndGlobalSection
	GlobalSection(ExtensibilityGlobals) = postSolution
		SolutionGuid = {BBB85739-84C1-4ADC-BA3F-D3ACEA3DBEEE}
	EndGlobalSection
EndGlobal
